
Microsoft Visual Studio Solution File, Format Version 12.00
# Visual Studio Version 17
VisualStudioVersion = 17.9.34723.18
MinimumVisualStudioVersion = 10.0.40219.1
Project("{9A19103F-16F7-4668-BE54-9A1E7A4F7556}") = "WebClient", "WebClient\WebClient.csproj", "{40E51A98-75C5-461D-8B02-5CF286B6C925}"
EndProject
Global
	GlobalSection(SolutionConfigurationPlatforms) = preSolution
		Debug|Any CPU = Debug|Any CPU
		Release|Any CPU = Release|Any CPU
	EndGlobalSection
	GlobalSection(ProjectConfigurationPlatforms) = postSolution
		{40E51A98-75C5-461D-8B02-5CF286B6C925}.Debug|Any CPU.ActiveCfg = Debug|Any CPU
		{40E51A98-75C5-461D-8B02-5CF286B6C925}.Debug|Any CPU.Build.0 = Debug|Any CPU
		{40E51A98-75C5-461D-8B02-5CF286B6C925}.Release|Any CPU.ActiveCfg = Release|Any CPU
		{40E51A98-75C5-461D-8B02-5CF286B6C925}.Release|Any CPU.Build.0 = Release|Any CPU
	EndGlobalSection
	GlobalSection(SolutionProperties) = preSolution
		HideSolutionNode = FALSE
	EndGlobalSection
	GlobalSection(ExtensibilityGlobals) = postSolution
		SolutionGuid = {FCB9F697-1866-4DC8-A7A3-A95BA4F6501C}
	EndGlobalSection
EndGlobal
